{
    "name": "iframe-dags-components",
    "version": "0.1.0",
    "lockfileVersion": 1,
    "requires": true,
    "dependencies": {
        "d3-array": {
            "version": "3.1.1",
            "resolved": "https://registry.npmjs.org/d3-array/-/d3-array-3.1.1.tgz",
            "integrity": "sha512-33qQ+ZoZlli19IFiQx4QEpf2CBEayMRzhlisJHSCsSUbDXv6ZishqS1x7uFVClKG4Wr7rZVHvaAttoLow6GqdQ==",
            "requires": {
                "internmap": "1 - 2"
            }
        },
        "d3-dag": {
            "version": "0.8.2",
            "resolved": "https://registry.npmjs.org/d3-dag/-/d3-dag-0.8.2.tgz",
            "integrity": "sha512-9lOu2Cu5uSQSjn6cbS3mmRfalShTdQuvmd//bP8AQtMgXHVVO7XrRdIH9PTAsRblYkaJ+oibhql1TMEPTKTytw==",
            "requires": {
                "d3-array": "^3.0.1",
                "denque": "^1.5.0",
                "fastpriorityqueue": "0.7.1",
                "javascript-lp-solver": "0.4.24",
                "quadprog": "^1.6.1"
            }
        },
        "denque": {
            "version": "1.5.1",
            "resolved": "https://registry.npmjs.org/denque/-/denque-1.5.1.tgz",
            "integrity": "sha512-XwE+iZ4D6ZUB7mfYRMb5wByE8L74HCn30FBN7sWnXksWc1LO1bPDl67pBR9o/kC4z/xSNAwkMYcGgqDV3BE3Hw=="
        },
        "fastpriorityqueue": {
            "version": "0.7.1",
            "resolved": "https://registry.npmjs.org/fastpriorityqueue/-/fastpriorityqueue-0.7.1.tgz",
            "integrity": "sha512-XJ+vbiXYjmxc32VEpXScAq7mBg3vqh90OjLfiuyQ0zAtXpgICdVgGjKHep1kLGQufyuCBiEYpl6ZKcw79chTpA==",
            "requires": {
                "minimist": "^1.2.5"
            }
        },
        "internmap": {
            "version": "2.0.3",
            "resolved": "https://registry.npmjs.org/internmap/-/internmap-2.0.3.tgz",
            "integrity": "sha512-5Hh7Y1wQbvY5ooGgPbDaL5iYLAPzMTUrjMulskHLH6wnv/A+1q5rgEaiuqEjB+oxGXIVZs1FF+R/KPN3ZSQYYg=="
        },
        "javascript-lp-solver": {
            "version": "0.4.24",
            "resolved": "https://registry.npmjs.org/javascript-lp-solver/-/javascript-lp-solver-0.4.24.tgz",
            "integrity": "sha512-5edoDKnMrt/u3M6GnZKDDIPxOyFOg+WrwDv8mjNiMC2DePhy2H9/FFQgf4ggywaXT1utvkxusJcjQUER72cZmA=="
        },
        "minimist": {
            "version": "1.2.5",
            "resolved": "https://registry.npmjs.org/minimist/-/minimist-1.2.5.tgz",
            "integrity": "sha512-FM9nNUYrRBAELZQT3xeZQ7fmMOBg6nWNmJKTcgsJeaLstP/UODVpGsr5OhXhhXg6f+qtJ8uiZ+PUxkDWcgIXLw=="
        },
        "quadprog": {
            "version": "1.6.1",
            "resolved": "https://registry.npmjs.org/quadprog/-/quadprog-1.6.1.tgz",
            "integrity": "sha512-fN5Jkcjlln/b3pJkseDKREf89JkKIyu6cKIVXisgL6ocKPQ0yTp9n6NZUAq3otEPPw78WZMG9K0o9WsfKyMWJw=="
        }
    }
}
